<?xml version="1.0" encoding="utf-8"?>
<Project ToolsVersion="4.0" xmlns="http://schemas.microsoft.com/developer/msbuild/2003">
  <ItemGroup>
    <Filter Include="Исходные файлы">
      <UniqueIdentifier>{4FC737F1-C7A5-4376-A066-2A32D752A2FF}</UniqueIdentifier>
      <Extensions>cpp;c;cc;cxx;c++;cppm;ixx;def;odl;idl;hpj;bat;asm;asmx</Extensions>
    </Filter>
    <Filter Include="Файлы заголовков">
      <UniqueIdentifier>{93995380-89BD-4b04-88EB-625FBE52EBFB}</UniqueIdentifier>
      <Extensions>h;hh;hpp;hxx;h++;hm;inl;inc;ipp;xsd</Extensions>
    </Filter>
    <Filter Include="Файлы ресурсов">
      <UniqueIdentifier>{67DA6AB6-F800-4c08-8B7A-83BB121AAD01}</UniqueIdentifier>
      <Extensions>rc;ico;cur;bmp;dlg;rc2;rct;bin;rgs;gif;jpg;jpeg;jpe;resx;tiff;tif;png;wav;mfcribbon-ms</Extensions>
    </Filter>
    <Filter Include="Исходные файлы\Battle">
      <UniqueIdentifier>{cb53991e-454b-42f0-ae86-5d40b4fe10db}</UniqueIdentifier>
    </Filter>
    <Filter Include="Исходные файлы\Entity">
      <UniqueIdentifier>{3223cd3f-9dcf-4a7b-b132-92d137e2f0aa}</UniqueIdentifier>
    </Filter>
    <Filter Include="Исходные файлы\Entity\Character">
      <UniqueIdentifier>{23416f2c-b10a-4aeb-b8ab-9a48535e1323}</UniqueIdentifier>
    </Filter>
    <Filter Include="Исходные файлы\Entity\Character\Hero">
      <UniqueIdentifier>{b46026ca-98bd-4d83-b42b-448852ce50b5}</UniqueIdentifier>
    </Filter>
    <Filter Include="Исходные файлы\Entity\Character\Monster">
      <UniqueIdentifier>{b304c4a9-34bc-4f9e-bef7-82b9d1d04ee7}</UniqueIdentifier>
    </Filter>
    <Filter Include="Исходные файлы\Equipment">
      <UniqueIdentifier>{91c39f33-6a06-4d07-9db8-73b25e4de749}</UniqueIdentifier>
    </Filter>
    <Filter Include="Исходные файлы\Game">
      <UniqueIdentifier>{9ce389dc-f903-4ad7-8f09-56be04ca585d}</UniqueIdentifier>
    </Filter>
  </ItemGroup>
  <ItemGroup>
    <ClCompile Include="main.cpp">
      <Filter>Исходные файлы</Filter>
    </ClCompile>
    <ClCompile Include="battle.cpp">
      <Filter>Исходные файлы\Battle</Filter>
    </ClCompile>
    <ClCompile Include="entity.cpp">
      <Filter>Исходные файлы\Entity</Filter>
    </ClCompile>
    <ClCompile Include="character.cpp">
      <Filter>Исходные файлы\Entity\Character</Filter>
    </ClCompile>
    <ClCompile Include="hero.cpp">
      <Filter>Исходные файлы\Entity\Character\Hero</Filter>
    </ClCompile>
    <ClCompile Include="monster.cpp">
      <Filter>Исходные файлы\Entity\Character\Monster</Filter>
    </ClCompile>
    <ClCompile Include="equipment.cpp">
      <Filter>Исходные файлы\Equipment</Filter>
    </ClCompile>
    <ClCompile Include="game.cpp">
      <Filter>Исходные файлы\Game</Filter>
    </ClCompile>
  </ItemGroup>
  <ItemGroup>
    <ClInclude Include="battle.h">
      <Filter>Исходные файлы\Battle</Filter>
    </ClInclude>
    <ClInclude Include="entity.h">
      <Filter>Исходные файлы\Entity</Filter>
    </ClInclude>
    <ClInclude Include="character.h">
      <Filter>Исходные файлы\Entity\Character</Filter>
    </ClInclude>
    <ClInclude Include="hero.h">
      <Filter>Исходные файлы\Entity\Character\Hero</Filter>
    </ClInclude>
    <ClInclude Include="monster.h">
      <Filter>Исходные файлы\Entity\Character\Monster</Filter>
    </ClInclude>
    <ClInclude Include="equipment.h">
      <Filter>Исходные файлы\Equipment</Filter>
    </ClInclude>
    <ClInclude Include="game.h">
      <Filter>Исходные файлы\Game</Filter>
    </ClInclude>
  </ItemGroup>
</Project>